<?xml version="1.0" encoding="utf-8"?>
<Project ToolsVersion="4.0" xmlns="http://schemas.microsoft.com/developer/msbuild/2003">
  <ItemGroup>
    <Filter Include="Source files">
      <UniqueIdentifier>{799a607a-eaad-4644-9116-2e4f3e3fa710}</UniqueIdentifier>
      <Extensions>cpp;c;cc;cxx;def;odl;idl;hpj;bat;asm;asmx</Extensions>
    </Filter>
    <Filter Include="Header files">
      <UniqueIdentifier>{1f4ae79d-dff3-4da2-aa98-e5fcf1d30922}</UniqueIdentifier>
      <Extensions>h;hpp;hxx;hm;inl;inc;xsd</Extensions>
    </Filter>
    <Filter Include="Resource files">
      <UniqueIdentifier>{1ad0e54a-e9b6-452a-a735-1815c24892fe}</UniqueIdentifier>
      <Extensions>rc;ico;cur;bmp;dlg;rc2;rct;bin;rgs;gif;jpg;jpeg;jpe;resx;tiff;tif;png;wav</Extensions>
    </Filter>
    <Filter Include="Make files">
      <UniqueIdentifier>{d76825bb-57d3-4c80-95b2-d8381fbd2844}</UniqueIdentifier>
      <Extensions>*.mak</Extensions>
    </Filter>
  </ItemGroup>
  <ItemGroup>
    <ClInclude Include="ipthelper.h">
      <Filter>Header files</Filter>
    </ClInclude>
    <ClInclude Include="iptables.h">
      <Filter>Header files</Filter>
    </ClInclude>
    <ClInclude Include="xshared.h">
      <Filter>Header files</Filter>
    </ClInclude>
  </ItemGroup>
  <ItemGroup>
    <None Include="Makefile" />
    <None Include="debug.mak">
      <Filter>Make files</Filter>
    </None>
    <None Include="release.mak">
      <Filter>Make files</Filter>
    </None>
  </ItemGroup>
  <ItemGroup>
    <ClCompile Include="iptables.cpp">
      <Filter>Source files</Filter>
    </ClCompile>
    <ClCompile Include="ipthelper.cpp">
      <Filter>Source files</Filter>
    </ClCompile>
    <ClCompile Include="xshared.cpp">
      <Filter>Source files</Filter>
    </ClCompile>
  </ItemGroup>
</Project>