
Microsoft Visual Studio Solution File, Format Version 12.00
# Visual Studio 2013
VisualStudioVersion = 12.0.31101.0
MinimumVisualStudioVersion = 10.0.40219.1
Project("{8BC9CEB8-8B4A-11D0-8D11-00A0C91BC942}") = "ipthelper", "ipthelper.vcxproj", "{44067FAA-C2A6-4656-A901-09CC5AAF5F60}"
EndProject
Project("{8BC9CEB8-8B4A-11D0-8D11-00A0C91BC942}") = "ipthelpertest", "..\ipthelpertest\ipthelpertest.vcxproj", "{BC7317D8-FE8F-4AF6-96EA-5F803C120155}"
	ProjectSection(ProjectDependencies) = postProject
		{44067FAA-C2A6-4656-A901-09CC5AAF5F60} = {44067FAA-C2A6-4656-A901-09CC5AAF5F60}
	EndProjectSection
EndProject
Global
	GlobalSection(SolutionConfigurationPlatforms) = preSolution
		Debug|Win32 = Debug|Win32
		Release|Win32 = Release|Win32
	EndGlobalSection
	GlobalSection(ProjectConfigurationPlatforms) = postSolution
		{44067FAA-C2A6-4656-A901-09CC5AAF5F60}.Debug|Win32.ActiveCfg = Debug|Win32
		{44067FAA-C2A6-4656-A901-09CC5AAF5F60}.Debug|Win32.Build.0 = Debug|Win32
		{44067FAA-C2A6-4656-A901-09CC5AAF5F60}.Release|Win32.ActiveCfg = Release|Win32
		{44067FAA-C2A6-4656-A901-09CC5AAF5F60}.Release|Win32.Build.0 = Release|Win32
		{BC7317D8-FE8F-4AF6-96EA-5F803C120155}.Debug|Win32.ActiveCfg = Debug|Win32
		{BC7317D8-FE8F-4AF6-96EA-5F803C120155}.Debug|Win32.Build.0 = Debug|Win32
		{BC7317D8-FE8F-4AF6-96EA-5F803C120155}.Release|Win32.ActiveCfg = Release|Win32
		{BC7317D8-FE8F-4AF6-96EA-5F803C120155}.Release|Win32.Build.0 = Release|Win32
	EndGlobalSection
	GlobalSection(SolutionProperties) = preSolution
		HideSolutionNode = FALSE
	EndGlobalSection
EndGlobal
